
Microsoft Visual Studio Solution File, Format Version 12.00
# Visual Studio Version 17
VisualStudioVersion = 17.10.35122.118
MinimumVisualStudioVersion = 10.0.40219.1
Project("{FAE04EC0-301F-11D3-BF4B-00C04F79EFBC}") = "HesapMakinesi2", "HesapMakinesi2\HesapMakinesi2.csproj", "{0F698BF6-16B3-4198-BFA4-55C466E86506}"
EndProject
Global
	GlobalSection(SolutionConfigurationPlatforms) = preSolution
		Debug|Any CPU = Debug|Any CPU
		Release|Any CPU = Release|Any CPU
	EndGlobalSection
	GlobalSection(ProjectConfigurationPlatforms) = postSolution
		{0F698BF6-16B3-4198-BFA4-55C466E86506}.Debug|Any CPU.ActiveCfg = Debug|Any CPU
		{0F698BF6-16B3-4198-BFA4-55C466E86506}.Debug|Any CPU.Build.0 = Debug|Any CPU
		{0F698BF6-16B3-4198-BFA4-55C466E86506}.Release|Any CPU.ActiveCfg = Release|Any CPU
		{0F698BF6-16B3-4198-BFA4-55C466E86506}.Release|Any CPU.Build.0 = Release|Any CPU
	EndGlobalSection
	GlobalSection(SolutionProperties) = preSolution
		HideSolutionNode = FALSE
	EndGlobalSection
	GlobalSection(ExtensibilityGlobals) = postSolution
		SolutionGuid = {4882DF07-CC2E-4228-A76F-6032ECEA2007}
	EndGlobalSection
EndGlobal
